
Microsoft Visual Studio Solution File, Format Version 12.00
# Visual Studio Version 17
VisualStudioVersion = 17.10.35013.160
MinimumVisualStudioVersion = 10.0.40219.1
Project("{FAE04EC0-301F-11D3-BF4B-00C04F79EFBC}") = "Part 7 - Lists", "Part 7 - Lists\Part 7 - Lists.csproj", "{5F70E4E8-3E15-4152-B0A8-4D0A4CDE3175}"
EndProject
Global
	GlobalSection(SolutionConfigurationPlatforms) = preSolution
		Debug|Any CPU = Debug|Any CPU
		Release|Any CPU = Release|Any CPU
	EndGlobalSection
	GlobalSection(ProjectConfigurationPlatforms) = postSolution
		{5F70E4E8-3E15-4152-B0A8-4D0A4CDE3175}.Debug|Any CPU.ActiveCfg = Debug|Any CPU
		{5F70E4E8-3E15-4152-B0A8-4D0A4CDE3175}.Debug|Any CPU.Build.0 = Debug|Any CPU
		{5F70E4E8-3E15-4152-B0A8-4D0A4CDE3175}.Release|Any CPU.ActiveCfg = Release|Any CPU
		{5F70E4E8-3E15-4152-B0A8-4D0A4CDE3175}.Release|Any CPU.Build.0 = Release|Any CPU
	EndGlobalSection
	GlobalSection(SolutionProperties) = preSolution
		HideSolutionNode = FALSE
	EndGlobalSection
	GlobalSection(ExtensibilityGlobals) = postSolution
		SolutionGuid = {034D41D7-5971-49F3-9D5A-2B2537C05BA6}
	EndGlobalSection
EndGlobal
